
Microsoft Visual Studio Solution File, Format Version 12.00
# Visual Studio 2015
Project("{FAE04EC0-301F-11D3-BF4B-00C04F79EFBC}") = "New_Final_Project_MD3.CSharp.Plugins", "New_Final_Project_MD3.CSharp.Plugins.csproj", "{8EC6AD43-29A7-AF41-A61A-A60AE11D1C02}"
EndProject
Project("{FAE04EC0-301F-11D3-BF4B-00C04F79EFBC}") = "New_Final_Project_MD3.CSharp", "New_Final_Project_MD3.CSharp.csproj", "{BD128635-CFBB-7BAD-8FC9-81E8A7D0A1BF}"
EndProject
Project("{FAE04EC0-301F-11D3-BF4B-00C04F79EFBC}") = "New_Final_Project_MD3.CSharp.Editor", "New_Final_Project_MD3.CSharp.Editor.csproj", "{F34084AC-3811-7A13-42D1-5F2BE8655B49}"
EndProject
Global
	GlobalSection(SolutionConfigurationPlatforms) = preSolution
		Debug|Any CPU = Debug|Any CPU
		Release|Any CPU = Release|Any CPU
	EndGlobalSection
	GlobalSection(ProjectConfigurationPlatforms) = postSolution
		{8EC6AD43-29A7-AF41-A61A-A60AE11D1C02}.Debug|Any CPU.ActiveCfg = Debug|Any CPU
		{8EC6AD43-29A7-AF41-A61A-A60AE11D1C02}.Debug|Any CPU.Build.0 = Debug|Any CPU
		{8EC6AD43-29A7-AF41-A61A-A60AE11D1C02}.Release|Any CPU.ActiveCfg = Release|Any CPU
		{8EC6AD43-29A7-AF41-A61A-A60AE11D1C02}.Release|Any CPU.Build.0 = Release|Any CPU
		{BD128635-CFBB-7BAD-8FC9-81E8A7D0A1BF}.Debug|Any CPU.ActiveCfg = Debug|Any CPU
		{BD128635-CFBB-7BAD-8FC9-81E8A7D0A1BF}.Debug|Any CPU.Build.0 = Debug|Any CPU
		{BD128635-CFBB-7BAD-8FC9-81E8A7D0A1BF}.Release|Any CPU.ActiveCfg = Release|Any CPU
		{BD128635-CFBB-7BAD-8FC9-81E8A7D0A1BF}.Release|Any CPU.Build.0 = Release|Any CPU
		{F34084AC-3811-7A13-42D1-5F2BE8655B49}.Debug|Any CPU.ActiveCfg = Debug|Any CPU
		{F34084AC-3811-7A13-42D1-5F2BE8655B49}.Debug|Any CPU.Build.0 = Debug|Any CPU
		{F34084AC-3811-7A13-42D1-5F2BE8655B49}.Release|Any CPU.ActiveCfg = Release|Any CPU
		{F34084AC-3811-7A13-42D1-5F2BE8655B49}.Release|Any CPU.Build.0 = Release|Any CPU
	EndGlobalSection
	GlobalSection(SolutionProperties) = preSolution
		HideSolutionNode = FALSE
	EndGlobalSection
EndGlobal
